PODS:
  - AMap3DMap (10.1.200):
    - AMapFoundation (>= 1.8.0)
  - amap_map (1.0.8):
    - AMap3DMap
    - Flutter
  - AMapFoundation (1.8.2)
  - Flutter (1.0.0)
  - permission_handler_apple (9.3.0):
    - Flutter

DEPENDENCIES:
  - amap_map (from `.symlinks/plugins/amap_map/ios`)
  - Flutter (from `Flutter`)
  - permission_handler_apple (from `.symlinks/plugins/permission_handler_apple/ios`)

SPEC REPOS:
  trunk:
    - AMap3DMap
    - AMapFoundation

EXTERNAL SOURCES:
  amap_map:
    :path: ".symlinks/plugins/amap_map/ios"
  Flutter:
    :path: Flutter
  permission_handler_apple:
    :path: ".symlinks/plugins/permission_handler_apple/ios"

SPEC CHECKSUMS:
  AMap3DMap: 06a11a83072857d6076c14060b2e1a676182e84d
  amap_map: a681a1441e8b707efafde356c3cd388148495524
  AMapFoundation: 9885c48fc3a78fdfb84a0299a2293e56ea3c9fec
  Flutter: e0871f40cf51350855a761d2e70bf5af5b9b5de7
  permission_handler_apple: 4ed2196e43d0651e8ff7ca3483a069d469701f2d

PODFILE CHECKSUM: cf0c950f7e9a456b4e325f5b8fc0f98906a3705a

COCOAPODS: 1.16.2
